# This file is autogenerated, do not edit; changes may be undone by the next 'dep ensure'.


[[projects]]
  branch = "master"
  digest = "1:2e6cf73ad7194a08a973caa3644d255350184ed38b9423517949653a893a29ee"
  name = "github.com/cheekybits/is"
  packages = ["."]
  pruneopts = "UT"
  revision = "68e9c0620927fb5427fda3708222d0edee89eae9"

[solve-meta]
  analyzer-name = "dep"
  analyzer-version = 1
  input-imports = ["github.com/cheekybits/is"]
  solver-name = "gps-cdcl"
  solver-version = 1
